// !$*UTF8*$!
{
	archiveVersion = 1;
	classes = {
	};
	objectVersion = 56;
	objects = {

/* Begin PBXBuildFile section */
		8B457E662B551DB300C3154F /* Protocol.swift in Sources */ = {isa = PBXBuildFile; fileRef = 8B457E652B551DB300C3154F /* Protocol.swift */; };
		8B457E682B551E1200C3154F /* UITableViewCell+Extension.swift in Sources */ = {isa = PBXBuildFile; fileRef = 8B457E672B551E1200C3154F /* UITableViewCell+Extension.swift */; };
		8B457E6A2B551E1D00C3154F /* UIViewController+Extension.swift in Sources */ = {isa = PBXBuildFile; fileRef = 8B457E692B551E1D00C3154F /* UIViewController+Extension.swift */; };
		8BD1CFDB2B544F5E00923F88 /* AppDelegate.swift in Sources */ = {isa = PBXBuildFile; fileRef = 8BD1CFDA2B544F5E00923F88 /* AppDelegate.swift */; };
		8BD1CFDD2B544F5E00923F88 /* SceneDelegate.swift in Sources */ = {isa = PBXBuildFile; fileRef = 8BD1CFDC2B544F5E00923F88 /* SceneDelegate.swift */; };
		8BD1CFDF2B544F5E00923F88 /* ViewController.swift in Sources */ = {isa = PBXBuildFile; fileRef = 8BD1CFDE2B544F5E00923F88 /* ViewController.swift */; };
		8BD1CFE22B544F5E00923F88 /* Main.storyboard in Resources */ = {isa = PBXBuildFile; fileRef = 8BD1CFE02B544F5E00923F88 /* Main.storyboard */; };
		8BD1CFE42B544F5F00923F88 /* Assets.xcassets in Resources */ = {isa = PBXBuildFile; fileRef = 8BD1CFE32B544F5F00923F88 /* Assets.xcassets */; };
		8BD1CFE72B544F5F00923F88 /* LaunchScreen.storyboard in Resources */ = {isa = PBXBuildFile; fileRef = 8BD1CFE52B544F5F00923F88 /* LaunchScreen.storyboard */; };
		8BD1CFF12B54501400923F88 /* TravelTalk.storyboard in Resources */ = {isa = PBXBuildFile; fileRef = 8BD1CFF02B54501400923F88 /* TravelTalk.storyboard */; };
		8BD1CFF32B54507200923F88 /* TravelTalkViewController.swift in Sources */ = {isa = PBXBuildFile; fileRef = 8BD1CFF22B54507200923F88 /* TravelTalkViewController.swift */; };
		8BD1CFF62B54546D00923F88 /* ChattingData.swift in Sources */ = {isa = PBXBuildFile; fileRef = 8BD1CFF52B54546D00923F88 /* ChattingData.swift */; };
		8BD1CFF92B5454FA00923F88 /* TravelTalkTableViewCell.swift in Sources */ = {isa = PBXBuildFile; fileRef = 8BD1CFF72B5454FA00923F88 /* TravelTalkTableViewCell.swift */; };
		8BD1CFFA2B5454FA00923F88 /* TravelTalkTableViewCell.xib in Resources */ = {isa = PBXBuildFile; fileRef = 8BD1CFF82B5454FA00923F88 /* TravelTalkTableViewCell.xib */; };
		8BD1CFFD2B545A5500923F88 /* UILabel+Extension.swift in Sources */ = {isa = PBXBuildFile; fileRef = 8BD1CFFC2B545A5500923F88 /* UILabel+Extension.swift */; };
		8BD1D0002B5468F700923F88 /* TravelTeamTalkTableViewCell.swift in Sources */ = {isa = PBXBuildFile; fileRef = 8BD1CFFE2B5468F700923F88 /* TravelTeamTalkTableViewCell.swift */; };
		8BD1D0012B5468F700923F88 /* TravelTeamTalkTableViewCell.xib in Resources */ = {isa = PBXBuildFile; fileRef = 8BD1CFFF2B5468F700923F88 /* TravelTeamTalkTableViewCell.xib */; };
		8BD1D0032B546E7100923F88 /* ChatRoomViewController.swift in Sources */ = {isa = PBXBuildFile; fileRef = 8BD1D0022B546E7100923F88 /* ChatRoomViewController.swift */; };
		8BD1D0062B54701600923F88 /* BubbleOpponentTableViewCell.swift in Sources */ = {isa = PBXBuildFile; fileRef = 8BD1D0042B54701600923F88 /* BubbleOpponentTableViewCell.swift */; };
		8BD1D0072B54701600923F88 /* BubbleOpponentTableViewCell.xib in Resources */ = {isa = PBXBuildFile; fileRef = 8BD1D0052B54701600923F88 /* BubbleOpponentTableViewCell.xib */; };
		8BD1D00A2B54702500923F88 /* BubbleMyTableViewCell.swift in Sources */ = {isa = PBXBuildFile; fileRef = 8BD1D0082B54702500923F88 /* BubbleMyTableViewCell.swift */; };
		8BD1D00B2B54702500923F88 /* BubbleMyTableViewCell.xib in Resources */ = {isa = PBXBuildFile; fileRef = 8BD1D0092B54702500923F88 /* BubbleMyTableViewCell.xib */; };
/* End PBXBuildFile section */

/* Begin PBXFileReference section */
		8B457E652B551DB300C3154F /* Protocol.swift */ = {isa = PBXFileReference; lastKnownFileType = sourcecode.swift; path = Protocol.swift; sourceTree = "<group>"; };
		8B457E672B551E1200C3154F /* UITableViewCell+Extension.swift */ = {isa = PBXFileReference; lastKnownFileType = sourcecode.swift; path = "UITableViewCell+Extension.swift"; sourceTree = "<group>"; };
		8B457E692B551E1D00C3154F /* UIViewController+Extension.swift */ = {isa = PBXFileReference; lastKnownFileType = sourcecode.swift; path = "UIViewController+Extension.swift"; sourceTree = "<group>"; };
		8BD1CFD72B544F5E00923F88 /* TravelTalkProject.app */ = {isa = PBXFileReference; explicitFileType = wrapper.application; includeInIndex = 0; path = TravelTalkProject.app; sourceTree = BUILT_PRODUCTS_DIR; };
		8BD1CFDA2B544F5E00923F88 /* AppDelegate.swift */ = {isa = PBXFileReference; lastKnownFileType = sourcecode.swift; path = AppDelegate.swift; sourceTree = "<group>"; };
		8BD1CFDC2B544F5E00923F88 /* SceneDelegate.swift */ = {isa = PBXFileReference; lastKnownFileType = sourcecode.swift; path = SceneDelegate.swift; sourceTree = "<group>"; };
		8BD1CFDE2B544F5E00923F88 /* ViewController.swift */ = {isa = PBXFileReference; lastKnownFileType = sourcecode.swift; path = ViewController.swift; sourceTree = "<group>"; };
		8BD1CFE12B544F5E00923F88 /* Base */ = {isa = PBXFileReference; lastKnownFileType = file.storyboard; name = Base; path = Base.lproj/Main.storyboard; sourceTree = "<group>"; };
		8BD1CFE32B544F5F00923F88 /* Assets.xcassets */ = {isa = PBXFileReference; lastKnownFileType = folder.assetcatalog; path = Assets.xcassets; sourceTree = "<group>"; };
		8BD1CFE62B544F5F00923F88 /* Base */ = {isa = PBXFileReference; lastKnownFileType = file.storyboard; name = Base; path = Base.lproj/LaunchScreen.storyboard; sourceTree = "<group>"; };
		8BD1CFE82B544F5F00923F88 /* Info.plist */ = {isa = PBXFileReference; lastKnownFileType = text.plist.xml; path = Info.plist; sourceTree = "<group>"; };
		8BD1CFF02B54501400923F88 /* TravelTalk.storyboard */ = {isa = PBXFileReference; lastKnownFileType = file.storyboard; path = TravelTalk.storyboard; sourceTree = "<group>"; };
		8BD1CFF22B54507200923F88 /* TravelTalkViewController.swift */ = {isa = PBXFileReference; lastKnownFileType = sourcecode.swift; path = TravelTalkViewController.swift; sourceTree = "<group>"; };
		8BD1CFF52B54546D00923F88 /* ChattingData.swift */ = {isa = PBXFileReference; fileEncoding = 4; lastKnownFileType = sourcecode.swift; path = ChattingData.swift; sourceTree = "<group>"; };
		8BD1CFF72B5454FA00923F88 /* TravelTalkTableViewCell.swift */ = {isa = PBXFileReference; lastKnownFileType = sourcecode.swift; path = TravelTalkTableViewCell.swift; sourceTree = "<group>"; };
		8BD1CFF82B5454FA00923F88 /* TravelTalkTableViewCell.xib */ = {isa = PBXFileReference; lastKnownFileType = file.xib; path = TravelTalkTableViewCell.xib; sourceTree = "<group>"; };
		8BD1CFFC2B545A5500923F88 /* UILabel+Extension.swift */ = {isa = PBXFileReference; lastKnownFileType = sourcecode.swift; path = "UILabel+Extension.swift"; sourceTree = "<group>"; };
		8BD1CFFE2B5468F700923F88 /* TravelTeamTalkTableViewCell.swift */ = {isa = PBXFileReference; lastKnownFileType = sourcecode.swift; path = TravelTeamTalkTableViewCell.swift; sourceTree = "<group>"; };
		8BD1CFFF2B5468F700923F88 /* TravelTeamTalkTableViewCell.xib */ = {isa = PBXFileReference; lastKnownFileType = file.xib; path = TravelTeamTalkTableViewCell.xib; sourceTree = "<group>"; };
		8BD1D0022B546E7100923F88 /* ChatRoomViewController.swift */ = {isa = PBXFileReference; lastKnownFileType = sourcecode.swift; path = ChatRoomViewController.swift; sourceTree = "<group>"; };
		8BD1D0042B54701600923F88 /* BubbleOpponentTableViewCell.swift */ = {isa = PBXFileReference; lastKnownFileType = sourcecode.swift; path = BubbleOpponentTableViewCell.swift; sourceTree = "<group>"; };
		8BD1D0052B54701600923F88 /* BubbleOpponentTableViewCell.xib */ = {isa = PBXFileReference; lastKnownFileType = file.xib; path = BubbleOpponentTableViewCell.xib; sourceTree = "<group>"; };
		8BD1D0082B54702500923F88 /* BubbleMyTableViewCell.swift */ = {isa = PBXFileReference; lastKnownFileType = sourcecode.swift; path = BubbleMyTableViewCell.swift; sourceTree = "<group>"; };
		8BD1D0092B54702500923F88 /* BubbleMyTableViewCell.xib */ = {isa = PBXFileReference; lastKnownFileType = file.xib; path = BubbleMyTableViewCell.xib; sourceTree = "<group>"; };
/* End PBXFileReference section */

/* Begin PBXFrameworksBuildPhase section */
		8BD1CFD42B544F5E00923F88 /* Frameworks */ = {
			isa = PBXFrameworksBuildPhase;
			buildActionMask = 2147483647;
			files = (
			);
			runOnlyForDeploymentPostprocessing = 0;
		};
/* End PBXFrameworksBuildPhase section */

/* Begin PBXGroup section */
		8BD1CFCE2B544F5E00923F88 = {
			isa = PBXGroup;
			children = (
				8BD1CFD92B544F5E00923F88 /* TravelTalkProject */,
				8BD1CFD82B544F5E00923F88 /* Products */,
			);
			sourceTree = "<group>";
		};
		8BD1CFD82B544F5E00923F88 /* Products */ = {
			isa = PBXGroup;
			children = (
				8BD1CFD72B544F5E00923F88 /* TravelTalkProject.app */,
			);
			name = Products;
			sourceTree = "<group>";
		};
		8BD1CFD92B544F5E00923F88 /* TravelTalkProject */ = {
			isa = PBXGroup;
			children = (
				8BD1CFFB2B545A4200923F88 /* Extension */,
				8BD1CFF42B54545F00923F88 /* Model */,
				8BD1CFEF2B544FFF00923F88 /* TravelTalk */,
				8BD1CFEE2B544FB900923F88 /* TableViewCell */,
				8BD1CFDA2B544F5E00923F88 /* AppDelegate.swift */,
				8BD1CFDC2B544F5E00923F88 /* SceneDelegate.swift */,
				8BD1CFDE2B544F5E00923F88 /* ViewController.swift */,
				8BD1CFE02B544F5E00923F88 /* Main.storyboard */,
				8BD1CFE32B544F5F00923F88 /* Assets.xcassets */,
				8BD1CFE52B544F5F00923F88 /* LaunchScreen.storyboard */,
				8BD1CFE82B544F5F00923F88 /* Info.plist */,
				8B457E652B551DB300C3154F /* Protocol.swift */,
			);
			path = TravelTalkProject;
			sourceTree = "<group>";
		};
		8BD1CFEE2B544FB900923F88 /* TableViewCell */ = {
			isa = PBXGroup;
			children = (
				8BD1D00D2B54706600923F88 /* ChatRoom */,
				8BD1D00C2B54703900923F88 /* Main */,
			);
			path = TableViewCell;
			sourceTree = "<group>";
		};
		8BD1CFEF2B544FFF00923F88 /* TravelTalk */ = {
			isa = PBXGroup;
			children = (
				8BD1CFF02B54501400923F88 /* TravelTalk.storyboard */,
				8BD1CFF22B54507200923F88 /* TravelTalkViewController.swift */,
				8BD1D0022B546E7100923F88 /* ChatRoomViewController.swift */,
			);
			path = TravelTalk;
			sourceTree = "<group>";
		};
		8BD1CFF42B54545F00923F88 /* Model */ = {
			isa = PBXGroup;
			children = (
				8BD1CFF52B54546D00923F88 /* ChattingData.swift */,
			);
			path = Model;
			sourceTree = "<group>";
		};
		8BD1CFFB2B545A4200923F88 /* Extension */ = {
			isa = PBXGroup;
			children = (
				8BD1CFFC2B545A5500923F88 /* UILabel+Extension.swift */,
				8B457E672B551E1200C3154F /* UITableViewCell+Extension.swift */,
				8B457E692B551E1D00C3154F /* UIViewController+Extension.swift */,
			);
			path = Extension;
			sourceTree = "<group>";
		};
		8BD1D00C2B54703900923F88 /* Main */ = {
			isa = PBXGroup;
			children = (
				8BD1CFF72B5454FA00923F88 /* TravelTalkTableViewCell.swift */,
				8BD1CFF82B5454FA00923F88 /* TravelTalkTableViewCell.xib */,
				8BD1CFFE2B5468F700923F88 /* TravelTeamTalkTableViewCell.swift */,
				8BD1CFFF2B5468F700923F88 /* TravelTeamTalkTableViewCell.xib */,
			);
			path = Main;
			sourceTree = "<group>";
		};
		8BD1D00D2B54706600923F88 /* ChatRoom */ = {
			isa = PBXGroup;
			children = (
				8BD1D0042B54701600923F88 /* BubbleOpponentTableViewCell.swift */,
				8BD1D0052B54701600923F88 /* BubbleOpponentTableViewCell.xib */,
				8BD1D0082B54702500923F88 /* BubbleMyTableViewCell.swift */,
				8BD1D0092B54702500923F88 /* BubbleMyTableViewCell.xib */,
			);
			path = ChatRoom;
			sourceTree = "<group>";
		};
/* End PBXGroup section */

/* Begin PBXNativeTarget section */
		8BD1CFD62B544F5E00923F88 /* TravelTalkProject */ = {
			isa = PBXNativeTarget;
			buildConfigurationList = 8BD1CFEB2B544F5F00923F88 /* Build configuration list for PBXNativeTarget "TravelTalkProject" */;
			buildPhases = (
				8BD1CFD32B544F5E00923F88 /* Sources */,
				8BD1CFD42B544F5E00923F88 /* Frameworks */,
				8BD1CFD52B544F5E00923F88 /* Resources */,
			);
			buildRules = (
			);
			dependencies = (
			);
			name = TravelTalkProject;
			productName = TravelTalkProject;
			productReference = 8BD1CFD72B544F5E00923F88 /* TravelTalkProject.app */;
			productType = "com.apple.product-type.application";
		};
/* End PBXNativeTarget section */

/* Begin PBXProject section */
		8BD1CFCF2B544F5E00923F88 /* Project object */ = {
			isa = PBXProject;
			attributes = {
				BuildIndependentTargetsInParallel = 1;
				LastSwiftUpdateCheck = 1500;
				LastUpgradeCheck = 1500;
				TargetAttributes = {
					8BD1CFD62B544F5E00923F88 = {
						CreatedOnToolsVersion = 15.0;
					};
				};
			};
			buildConfigurationList = 8BD1CFD22B544F5E00923F88 /* Build configuration list for PBXProject "TravelTalkProject" */;
			compatibilityVersion = "Xcode 14.0";
			developmentRegion = en;
			hasScannedForEncodings = 0;
			knownRegions = (
				en,
				Base,
			);
			mainGroup = 8BD1CFCE2B544F5E00923F88;
			productRefGroup = 8BD1CFD82B544F5E00923F88 /* Products */;
			projectDirPath = "";
			projectRoot = "";
			targets = (
				8BD1CFD62B544F5E00923F88 /* TravelTalkProject */,
			);
		};
/* End PBXProject section */

/* Begin PBXResourcesBuildPhase section */
		8BD1CFD52B544F5E00923F88 /* Resources */ = {
			isa = PBXResourcesBuildPhase;
			buildActionMask = 2147483647;
			files = (
				8BD1D0072B54701600923F88 /* BubbleOpponentTableViewCell.xib in Resources */,
				8BD1D0012B5468F700923F88 /* TravelTeamTalkTableViewCell.xib in Resources */,
				8BD1CFE72B544F5F00923F88 /* LaunchScreen.storyboard in Resources */,
				8BD1CFE42B544F5F00923F88 /* Assets.xcassets in Resources */,
				8BD1CFF12B54501400923F88 /* TravelTalk.storyboard in Resources */,
				8BD1CFE22B544F5E00923F88 /* Main.storyboard in Resources */,
				8BD1CFFA2B5454FA00923F88 /* TravelTalkTableViewCell.xib in Resources */,
				8BD1D00B2B54702500923F88 /* BubbleMyTableViewCell.xib in Resources */,
			);
			runOnlyForDeploymentPostprocessing = 0;
		};
/* End PBXResourcesBuildPhase section */

/* Begin PBXSourcesBuildPhase section */
		8BD1CFD32B544F5E00923F88 /* Sources */ = {
			isa = PBXSourcesBuildPhase;
			buildActionMask = 2147483647;
			files = (
				8BD1D0002B5468F700923F88 /* TravelTeamTalkTableViewCell.swift in Sources */,
				8BD1CFDF2B544F5E00923F88 /* ViewController.swift in Sources */,
				8BD1D0062B54701600923F88 /* BubbleOpponentTableViewCell.swift in Sources */,
				8B457E682B551E1200C3154F /* UITableViewCell+Extension.swift in Sources */,
				8B457E6A2B551E1D00C3154F /* UIViewController+Extension.swift in Sources */,
				8BD1CFDB2B544F5E00923F88 /* AppDelegate.swift in Sources */,
				8BD1CFF32B54507200923F88 /* TravelTalkViewController.swift in Sources */,
				8BD1CFFD2B545A5500923F88 /* UILabel+Extension.swift in Sources */,
				8BD1D00A2B54702500923F88 /* BubbleMyTableViewCell.swift in Sources */,
				8BD1CFF62B54546D00923F88 /* ChattingData.swift in Sources */,
				8BD1CFDD2B544F5E00923F88 /* SceneDelegate.swift in Sources */,
				8BD1CFF92B5454FA00923F88 /* TravelTalkTableViewCell.swift in Sources */,
				8BD1D0032B546E7100923F88 /* ChatRoomViewController.swift in Sources */,
				8B457E662B551DB300C3154F /* Protocol.swift in Sources */,
			);
			runOnlyForDeploymentPostprocessing = 0;
		};
/* End PBXSourcesBuildPhase section */

/* Begin PBXVariantGroup section */
		8BD1CFE02B544F5E00923F88 /* Main.storyboard */ = {
			isa = PBXVariantGroup;
			children = (
				8BD1CFE12B544F5E00923F88 /* Base */,
			);
			name = Main.storyboard;
			sourceTree = "<group>";
		};
		8BD1CFE52B544F5F00923F88 /* LaunchScreen.storyboard */ = {
			isa = PBXVariantGroup;
			children = (
				8BD1CFE62B544F5F00923F88 /* Base */,
			);
			name = LaunchScreen.storyboard;
			sourceTree = "<group>";
		};
/* End PBXVariantGroup section */

/* Begin XCBuildConfiguration section */
		8BD1CFE92B544F5F00923F88 /* Debug */ = {
			isa = XCBuildConfiguration;
			buildSettings = {
				ALWAYS_SEARCH_USER_PATHS = NO;
				ASSETCATALOG_COMPILER_GENERATE_SWIFT_ASSET_SYMBOL_EXTENSIONS = YES;
				CLANG_ANALYZER_NONNULL = YES;
				CLANG_ANALYZER_NUMBER_OBJECT_CONVERSION = YES_AGGRESSIVE;
				CLANG_CXX_LANGUAGE_STANDARD = "gnu++20";
				CLANG_ENABLE_MODULES = YES;
				CLANG_ENABLE_OBJC_ARC = YES;
				CLANG_ENABLE_OBJC_WEAK = YES;
				CLANG_WARN_BLOCK_CAPTURE_AUTORELEASING = YES;
				CLANG_WARN_BOOL_CONVERSION = YES;
				CLANG_WARN_COMMA = YES;
				CLANG_WARN_CONSTANT_CONVERSION = YES;
				CLANG_WARN_DEPRECATED_OBJC_IMPLEMENTATIONS = YES;
				CLANG_WARN_DIRECT_OBJC_ISA_USAGE = YES_ERROR;
				CLANG_WARN_DOCUMENTATION_COMMENTS = YES;
				CLANG_WARN_EMPTY_BODY = YES;
				CLANG_WARN_ENUM_CONVERSION = YES;
				CLANG_WARN_INFINITE_RECURSION = YES;
				CLANG_WARN_INT_CONVERSION = YES;
				CLANG_WARN_NON_LITERAL_NULL_CONVERSION = YES;
				CLANG_WARN_OBJC_IMPLICIT_RETAIN_SELF = YES;
				CLANG_WARN_OBJC_LITERAL_CONVERSION = YES;
				CLANG_WARN_OBJC_ROOT_CLASS = YES_ERROR;
				CLANG_WARN_QUOTED_INCLUDE_IN_FRAMEWORK_HEADER = YES;
				CLANG_WARN_RANGE_LOOP_ANALYSIS = YES;
				CLANG_WARN_STRICT_PROTOTYPES = YES;
				CLANG_WARN_SUSPICIOUS_MOVE = YES;
				CLANG_WARN_UNGUARDED_AVAILABILITY = YES_AGGRESSIVE;
				CLANG_WARN_UNREACHABLE_CODE = YES;
				CLANG_WARN__DUPLICATE_METHOD_MATCH = YES;
				COPY_PHASE_STRIP = NO;
				DEBUG_INFORMATION_FORMAT = dwarf;
				ENABLE_STRICT_OBJC_MSGSEND = YES;
				ENABLE_TESTABILITY = YES;
				ENABLE_USER_SCRIPT_SANDBOXING = YES;
				GCC_C_LANGUAGE_STANDARD = gnu17;
				GCC_DYNAMIC_NO_PIC = NO;
				GCC_NO_COMMON_BLOCKS = YES;
				GCC_OPTIMIZATION_LEVEL = 0;
				GCC_PREPROCESSOR_DEFINITIONS = (
					"DEBUG=1",
					"$(inherited)",
				);
				GCC_WARN_64_TO_32_BIT_CONVERSION = YES;
				GCC_WARN_ABOUT_RETURN_TYPE = YES_ERROR;
				GCC_WARN_UNDECLARED_SELECTOR = YES;
				GCC_WARN_UNINITIALIZED_AUTOS = YES_AGGRESSIVE;
				GCC_WARN_UNUSED_FUNCTION = YES;
				GCC_WARN_UNUSED_VARIABLE = YES;
				IPHONEOS_DEPLOYMENT_TARGET = 17.0;
				LOCALIZATION_PREFERS_STRING_CATALOGS = YES;
				MTL_ENABLE_DEBUG_INFO = INCLUDE_SOURCE;
				MTL_FAST_MATH = YES;
				ONLY_ACTIVE_ARCH = YES;
				SDKROOT = iphoneos;
				SWIFT_ACTIVE_COMPILATION_CONDITIONS = "DEBUG $(inherited)";
				SWIFT_OPTIMIZATION_LEVEL = "-Onone";
			};
			name = Debug;
		};
		8BD1CFEA2B544F5F00923F88 /* Release */ = {
			isa = XCBuildConfiguration;
			buildSettings = {
				ALWAYS_SEARCH_USER_PATHS = NO;
				ASSETCATALOG_COMPILER_GENERATE_SWIFT_ASSET_SYMBOL_EXTENSIONS = YES;
				CLANG_ANALYZER_NONNULL = YES;
				CLANG_ANALYZER_NUMBER_OBJECT_CONVERSION = YES_AGGRESSIVE;
				CLANG_CXX_LANGUAGE_STANDARD = "gnu++20";
				CLANG_ENABLE_MODULES = YES;
				CLANG_ENABLE_OBJC_ARC = YES;
				CLANG_ENABLE_OBJC_WEAK = YES;
				CLANG_WARN_BLOCK_CAPTURE_AUTORELEASING = YES;
				CLANG_WARN_BOOL_CONVERSION = YES;
				CLANG_WARN_COMMA = YES;
				CLANG_WARN_CONSTANT_CONVERSION = YES;
				CLANG_WARN_DEPRECATED_OBJC_IMPLEMENTATIONS = YES;
				CLANG_WARN_DIRECT_OBJC_ISA_USAGE = YES_ERROR;
				CLANG_WARN_DOCUMENTATION_COMMENTS = YES;
				CLANG_WARN_EMPTY_BODY = YES;
				CLANG_WARN_ENUM_CONVERSION = YES;
				CLANG_WARN_INFINITE_RECURSION = YES;
				CLANG_WARN_INT_CONVERSION = YES;
				CLANG_WARN_NON_LITERAL_NULL_CONVERSION = YES;
				CLANG_WARN_OBJC_IMPLICIT_RETAIN_SELF = YES;
				CLANG_WARN_OBJC_LITERAL_CONVERSION = YES;
				CLANG_WARN_OBJC_ROOT_CLASS = YES_ERROR;
				CLANG_WARN_QUOTED_INCLUDE_IN_FRAMEWORK_HEADER = YES;
				CLANG_WARN_RANGE_LOOP_ANALYSIS = YES;
				CLANG_WARN_STRICT_PROTOTYPES = YES;
				CLANG_WARN_SUSPICIOUS_MOVE = YES;
				CLANG_WARN_UNGUARDED_AVAILABILITY = YES_AGGRESSIVE;
				CLANG_WARN_UNREACHABLE_CODE = YES;
				CLANG_WARN__DUPLICATE_METHOD_MATCH = YES;
				COPY_PHASE_STRIP = NO;
				DEBUG_INFORMATION_FORMAT = "dwarf-with-dsym";
				ENABLE_NS_ASSERTIONS = NO;
				ENABLE_STRICT_OBJC_MSGSEND = YES;
				ENABLE_USER_SCRIPT_SANDBOXING = YES;
				GCC_C_LANGUAGE_STANDARD = gnu17;
				GCC_NO_COMMON_BLOCKS = YES;
				GCC_WARN_64_TO_32_BIT_CONVERSION = YES;
				GCC_WARN_ABOUT_RETURN_TYPE = YES_ERROR;
				GCC_WARN_UNDECLARED_SELECTOR = YES;
				GCC_WARN_UNINITIALIZED_AUTOS = YES_AGGRESSIVE;
				GCC_WARN_UNUSED_FUNCTION = YES;
				GCC_WARN_UNUSED_VARIABLE = YES;
				IPHONEOS_DEPLOYMENT_TARGET = 17.0;
				LOCALIZATION_PREFERS_STRING_CATALOGS = YES;
				MTL_ENABLE_DEBUG_INFO = NO;
				MTL_FAST_MATH = YES;
				SDKROOT = iphoneos;
				SWIFT_COMPILATION_MODE = wholemodule;
				VALIDATE_PRODUCT = YES;
			};
			name = Release;
		};
		8BD1CFEC2B544F5F00923F88 /* Debug */ = {
			isa = XCBuildConfiguration;
			buildSettings = {
				ASSETCATALOG_COMPILER_APPICON_NAME = AppIcon;
				ASSETCATALOG_COMPILER_GLOBAL_ACCENT_COLOR_NAME = AccentColor;
				CODE_SIGN_STYLE = Automatic;
				CURRENT_PROJECT_VERSION = 1;
				GENERATE_INFOPLIST_FILE = YES;
				INFOPLIST_FILE = TravelTalkProject/Info.plist;
				INFOPLIST_KEY_UIApplicationSupportsIndirectInputEvents = YES;
				INFOPLIST_KEY_UILaunchStoryboardName = LaunchScreen;
				INFOPLIST_KEY_UIMainStoryboardFile = TravelTalk;
				INFOPLIST_KEY_UISupportedInterfaceOrientations_iPad = "UIInterfaceOrientationPortrait UIInterfaceOrientationPortraitUpsideDown UIInterfaceOrientationLandscapeLeft UIInterfaceOrientationLandscapeRight";
				INFOPLIST_KEY_UISupportedInterfaceOrientations_iPhone = "UIInterfaceOrientationPortrait UIInterfaceOrientationLandscapeLeft UIInterfaceOrientationLandscapeRight";
				LD_RUNPATH_SEARCH_PATHS = (
					"$(inherited)",
					"@executable_path/Frameworks",
				);
				MARKETING_VERSION = 1.0;
				PRODUCT_BUNDLE_IDENTIFIER = com.ohddang.TravelTalkProject;
				PRODUCT_NAME = "$(TARGET_NAME)";
				SUPPORTED_PLATFORMS = "iphoneos iphonesimulator";
				SUPPORTS_MACCATALYST = NO;
				SUPPORTS_MAC_DESIGNED_FOR_IPHONE_IPAD = NO;
				SWIFT_EMIT_LOC_STRINGS = YES;
				SWIFT_VERSION = 5.0;
				TARGETED_DEVICE_FAMILY = 1;
			};
			name = Debug;
		};
		8BD1CFED2B544F5F00923F88 /* Release */ = {
			isa = XCBuildConfiguration;
			buildSettings = {
				ASSETCATALOG_COMPILER_APPICON_NAME = AppIcon;
				ASSETCATALOG_COMPILER_GLOBAL_ACCENT_COLOR_NAME = AccentColor;
				CODE_SIGN_STYLE = Automatic;
				CURRENT_PROJECT_VERSION = 1;
				GENERATE_INFOPLIST_FILE = YES;
				INFOPLIST_FILE = TravelTalkProject/Info.plist;
				INFOPLIST_KEY_UIApplicationSupportsIndirectInputEvents = YES;
				INFOPLIST_KEY_UILaunchStoryboardName = LaunchScreen;
				INFOPLIST_KEY_UIMainStoryboardFile = TravelTalk;
				INFOPLIST_KEY_UISupportedInterfaceOrientations_iPad = "UIInterfaceOrientationPortrait UIInterfaceOrientationPortraitUpsideDown UIInterfaceOrientationLandscapeLeft UIInterfaceOrientationLandscapeRight";
				INFOPLIST_KEY_UISupportedInterfaceOrientations_iPhone = "UIInterfaceOrientationPortrait UIInterfaceOrientationLandscapeLeft UIInterfaceOrientationLandscapeRight";
				LD_RUNPATH_SEARCH_PATHS = (
					"$(inherited)",
					"@executable_path/Frameworks",
				);
				MARKETING_VERSION = 1.0;
				PRODUCT_BUNDLE_IDENTIFIER = com.ohddang.TravelTalkProject;
				PRODUCT_NAME = "$(TARGET_NAME)";
				SUPPORTED_PLATFORMS = "iphoneos iphonesimulator";
				SUPPORTS_MACCATALYST = NO;
				SUPPORTS_MAC_DESIGNED_FOR_IPHONE_IPAD = NO;
				SWIFT_EMIT_LOC_STRINGS = YES;
				SWIFT_VERSION = 5.0;
				TARGETED_DEVICE_FAMILY = 1;
			};
			name = Release;
		};
/* End XCBuildConfiguration section */

/* Begin XCConfigurationList section */
		8BD1CFD22B544F5E00923F88 /* Build configuration list for PBXProject "TravelTalkProject" */ = {
			isa = XCConfigurationList;
			buildConfigurations = (
				8BD1CFE92B544F5F00923F88 /* Debug */,
				8BD1CFEA2B544F5F00923F88 /* Release */,
			);
			defaultConfigurationIsVisible = 0;
			defaultConfigurationName = Release;
		};
		8BD1CFEB2B544F5F00923F88 /* Build configuration list for PBXNativeTarget "TravelTalkProject" */ = {
			isa = XCConfigurationList;
			buildConfigurations = (
				8BD1CFEC2B544F5F00923F88 /* Debug */,
				8BD1CFED2B544F5F00923F88 /* Release */,
			);
			defaultConfigurationIsVisible = 0;
			defaultConfigurationName = Release;
		};
/* End XCConfigurationList section */
	};
	rootObject = 8BD1CFCF2B544F5E00923F88 /* Project object */;
}
